PODS:
  - Alamofire (5.6.2)
  - FontAwesome.swift (1.9.1)
  - NMapsMap (3.15.0)
  - RxCocoa (6.5.0):
    - RxRelay (= 6.5.0)
    - RxSwift (= 6.5.0)
  - RxGesture (4.0.4):
    - RxCocoa (~> 6.0)
    - RxSwift (~> 6.0)
  - RxRelay (6.5.0):
    - RxSwift (= 6.5.0)
  - RxSwift (6.5.0)

DEPENDENCIES:
  - Alamofire
  - FontAwesome.swift
  - NMapsMap
  - RxCocoa (= 6.5.0)
  - RxGesture
  - RxSwift (= 6.5.0)

SPEC REPOS:
  trunk:
    - Alamofire
    - FontAwesome.swift
    - NMapsMap
    - RxCocoa
    - RxGesture
    - RxRelay
    - RxSwift

SPEC CHECKSUMS:
  Alamofire: d368e1ff8a298e6dde360e35a3e68e6c610e7204
  FontAwesome.swift: 6b52cb7be66eacd28cbfaa0ca7ffd0de4a186a1d
  NMapsMap: f151761c088d6516064c59da03ab6503769486e6
  RxCocoa: 94f817b71c07517321eb4f9ad299112ca8af743b
  RxGesture: f3efb47ed2d26a8082f7b660d4a59970e275a7f8
  RxRelay: 1de1523e604c72b6c68feadedd1af3b1b4d0ecbd
  RxSwift: 5710a9e6b17f3c3d6e40d6e559b9fa1e813b2ef8

PODFILE CHECKSUM: d31ff3965281f5e1ae8e17f2e88d3c7a9a040138

COCOAPODS: 1.10.1
