PODS:
  - FontAwesome.swift (1.9.1)
  - NMapsMap (3.14.1)
  - RxCocoa (6.5.0):
    - RxRelay (= 6.5.0)
    - RxSwift (= 6.5.0)
  - RxRelay (6.5.0):
    - RxSwift (= 6.5.0)
  - RxSwift (6.5.0)

DEPENDENCIES:
  - FontAwesome.swift
  - NMapsMap
  - RxCocoa (= 6.5.0)
  - RxSwift (= 6.5.0)

SPEC REPOS:
  trunk:
    - FontAwesome.swift
    - NMapsMap
    - RxCocoa
    - RxRelay
    - RxSwift

SPEC CHECKSUMS:
  FontAwesome.swift: 6b52cb7be66eacd28cbfaa0ca7ffd0de4a186a1d
  NMapsMap: 79bae4e0d7cc5214dd6dabdb95687a1356616556
  RxCocoa: 94f817b71c07517321eb4f9ad299112ca8af743b
  RxRelay: 1de1523e604c72b6c68feadedd1af3b1b4d0ecbd
  RxSwift: 5710a9e6b17f3c3d6e40d6e559b9fa1e813b2ef8

PODFILE CHECKSUM: 3be561b80bcd6bebd1f0a0faf77527381f02ffc4

COCOAPODS: 1.10.1
